
Microsoft Visual Studio Solution File, Format Version 12.00
# Visual Studio 15
VisualStudioVersion = 15.0.27428.2043
MinimumVisualStudioVersion = 10.0.40219.1
Project("{FAE04EC0-301F-11D3-BF4B-00C04F79EFBC}") = "Doubutsu-Shogi", "Doubutsu-Shogi\Doubutsu-Shogi.csproj", "{A36B752E-6F00-407F-A6C2-595007B6DBDB}"
EndProject
Global
	GlobalSection(SolutionConfigurationPlatforms) = preSolution
		Debug|Any CPU = Debug|Any CPU
		Release|Any CPU = Release|Any CPU
	EndGlobalSection
	GlobalSection(ProjectConfigurationPlatforms) = postSolution
		{A36B752E-6F00-407F-A6C2-595007B6DBDB}.Debug|Any CPU.ActiveCfg = Debug|Any CPU
		{A36B752E-6F00-407F-A6C2-595007B6DBDB}.Debug|Any CPU.Build.0 = Debug|Any CPU
		{A36B752E-6F00-407F-A6C2-595007B6DBDB}.Release|Any CPU.ActiveCfg = Release|Any CPU
		{A36B752E-6F00-407F-A6C2-595007B6DBDB}.Release|Any CPU.Build.0 = Release|Any CPU
	EndGlobalSection
	GlobalSection(SolutionProperties) = preSolution
		HideSolutionNode = FALSE
	EndGlobalSection
	GlobalSection(ExtensibilityGlobals) = postSolution
		SolutionGuid = {4D498093-7299-4907-8F22-1539AC6ED728}
	EndGlobalSection
EndGlobal
